// !$*UTF8*$!
{
	archiveVersion = 1;
	classes = {
	};
	objectVersion = 51;
	objects = {

/* Begin PBXBuildFile section */
		2DFA36FEEC3D7A814BCFD05E /* Pods_Parstagram.framework in Frameworks */ = {isa = PBXBuildFile; fileRef = D6E47F2481ADF8E09B537E65 /* Pods_Parstagram.framework */; };
		9B4149B584ABDE93BB9429ED /* Pods_Parstagram_ParstagramUITests.framework in Frameworks */ = {isa = PBXBuildFile; fileRef = 67AFE756D25B90438407574D /* Pods_Parstagram_ParstagramUITests.framework */; };
		B96B843D438CB6B1C4DB5E7C /* Pods_ParstagramTests.framework in Frameworks */ = {isa = PBXBuildFile; fileRef = 7EC550D826A5D0EFCF8673D1 /* Pods_ParstagramTests.framework */; };
		FB1287DE23E0E2CA002E8143 /* AppDelegate.swift in Sources */ = {isa = PBXBuildFile; fileRef = FB1287DD23E0E2CA002E8143 /* AppDelegate.swift */; };
		FB1287E023E0E2CA002E8143 /* SceneDelegate.swift in Sources */ = {isa = PBXBuildFile; fileRef = FB1287DF23E0E2CA002E8143 /* SceneDelegate.swift */; };
		FB1287E523E0E2CA002E8143 /* Main.storyboard in Resources */ = {isa = PBXBuildFile; fileRef = FB1287E323E0E2CA002E8143 /* Main.storyboard */; };
		FB1287E723E0E2CB002E8143 /* Assets.xcassets in Resources */ = {isa = PBXBuildFile; fileRef = FB1287E623E0E2CB002E8143 /* Assets.xcassets */; };
		FB1287EA23E0E2CB002E8143 /* LaunchScreen.storyboard in Resources */ = {isa = PBXBuildFile; fileRef = FB1287E823E0E2CB002E8143 /* LaunchScreen.storyboard */; };
		FB1287F523E0E2CC002E8143 /* ParstagramTests.swift in Sources */ = {isa = PBXBuildFile; fileRef = FB1287F423E0E2CC002E8143 /* ParstagramTests.swift */; };
		FB12880023E0E2CC002E8143 /* ParstagramUITests.swift in Sources */ = {isa = PBXBuildFile; fileRef = FB1287FF23E0E2CC002E8143 /* ParstagramUITests.swift */; };
		FB12881023E0F6A7002E8143 /* LoginViewController.swift in Sources */ = {isa = PBXBuildFile; fileRef = FB12880F23E0F6A7002E8143 /* LoginViewController.swift */; };
		FB12881223E0F6CD002E8143 /* FeedViewController.swift in Sources */ = {isa = PBXBuildFile; fileRef = FB12881123E0F6CD002E8143 /* FeedViewController.swift */; };
		FB12881423E0FFCD002E8143 /* CameraViewController.swift in Sources */ = {isa = PBXBuildFile; fileRef = FB12881323E0FFCD002E8143 /* CameraViewController.swift */; };
		FB12881623E11666002E8143 /* PostCell.swift in Sources */ = {isa = PBXBuildFile; fileRef = FB12881523E11666002E8143 /* PostCell.swift */; };
/* End PBXBuildFile section */

/* Begin PBXContainerItemProxy section */
		FB1287F123E0E2CC002E8143 /* PBXContainerItemProxy */ = {
			isa = PBXContainerItemProxy;
			containerPortal = FB1287D223E0E2CA002E8143 /* Project object */;
			proxyType = 1;
			remoteGlobalIDString = FB1287D923E0E2CA002E8143;
			remoteInfo = Parstagram;
		};
		FB1287FC23E0E2CC002E8143 /* PBXContainerItemProxy */ = {
			isa = PBXContainerItemProxy;
			containerPortal = FB1287D223E0E2CA002E8143 /* Project object */;
			proxyType = 1;
			remoteGlobalIDString = FB1287D923E0E2CA002E8143;
			remoteInfo = Parstagram;
		};
/* End PBXContainerItemProxy section */

/* Begin PBXFileReference section */
		102470E826BF18198E86A437 /* Pods-ParstagramTests.release.xcconfig */ = {isa = PBXFileReference; includeInIndex = 1; lastKnownFileType = text.xcconfig; name = "Pods-ParstagramTests.release.xcconfig"; path = "Target Support Files/Pods-ParstagramTests/Pods-ParstagramTests.release.xcconfig"; sourceTree = "<group>"; };
		53323F9D49261245BDC44BAD /* Pods-Parstagram-ParstagramUITests.release.xcconfig */ = {isa = PBXFileReference; includeInIndex = 1; lastKnownFileType = text.xcconfig; name = "Pods-Parstagram-ParstagramUITests.release.xcconfig"; path = "Target Support Files/Pods-Parstagram-ParstagramUITests/Pods-Parstagram-ParstagramUITests.release.xcconfig"; sourceTree = "<group>"; };
		5814D32474C6C7009BEB6BBD /* Pods-ParstagramTests.debug.xcconfig */ = {isa = PBXFileReference; includeInIndex = 1; lastKnownFileType = text.xcconfig; name = "Pods-ParstagramTests.debug.xcconfig"; path = "Target Support Files/Pods-ParstagramTests/Pods-ParstagramTests.debug.xcconfig"; sourceTree = "<group>"; };
		5B0241FB81DC67A32381DC1A /* Pods-Parstagram-ParstagramUITests.debug.xcconfig */ = {isa = PBXFileReference; includeInIndex = 1; lastKnownFileType = text.xcconfig; name = "Pods-Parstagram-ParstagramUITests.debug.xcconfig"; path = "Target Support Files/Pods-Parstagram-ParstagramUITests/Pods-Parstagram-ParstagramUITests.debug.xcconfig"; sourceTree = "<group>"; };
		67AFE756D25B90438407574D /* Pods_Parstagram_ParstagramUITests.framework */ = {isa = PBXFileReference; explicitFileType = wrapper.framework; includeInIndex = 0; path = Pods_Parstagram_ParstagramUITests.framework; sourceTree = BUILT_PRODUCTS_DIR; };
		7EC550D826A5D0EFCF8673D1 /* Pods_ParstagramTests.framework */ = {isa = PBXFileReference; explicitFileType = wrapper.framework; includeInIndex = 0; path = Pods_ParstagramTests.framework; sourceTree = BUILT_PRODUCTS_DIR; };
		A54E4C8943F9DAF0AA85A0AD /* Pods-Parstagram.release.xcconfig */ = {isa = PBXFileReference; includeInIndex = 1; lastKnownFileType = text.xcconfig; name = "Pods-Parstagram.release.xcconfig"; path = "Target Support Files/Pods-Parstagram/Pods-Parstagram.release.xcconfig"; sourceTree = "<group>"; };
		B401F099C8DFB532E864FA1C /* Pods-Parstagram.debug.xcconfig */ = {isa = PBXFileReference; includeInIndex = 1; lastKnownFileType = text.xcconfig; name = "Pods-Parstagram.debug.xcconfig"; path = "Target Support Files/Pods-Parstagram/Pods-Parstagram.debug.xcconfig"; sourceTree = "<group>"; };
		D6E47F2481ADF8E09B537E65 /* Pods_Parstagram.framework */ = {isa = PBXFileReference; explicitFileType = wrapper.framework; includeInIndex = 0; path = Pods_Parstagram.framework; sourceTree = BUILT_PRODUCTS_DIR; };
		FB1287DA23E0E2CA002E8143 /* Parstagram.app */ = {isa = PBXFileReference; explicitFileType = wrapper.application; includeInIndex = 0; path = Parstagram.app; sourceTree = BUILT_PRODUCTS_DIR; };
		FB1287DD23E0E2CA002E8143 /* AppDelegate.swift */ = {isa = PBXFileReference; lastKnownFileType = sourcecode.swift; path = AppDelegate.swift; sourceTree = "<group>"; };
		FB1287DF23E0E2CA002E8143 /* SceneDelegate.swift */ = {isa = PBXFileReference; lastKnownFileType = sourcecode.swift; path = SceneDelegate.swift; sourceTree = "<group>"; };
		FB1287E423E0E2CA002E8143 /* Base */ = {isa = PBXFileReference; lastKnownFileType = file.storyboard; name = Base; path = Base.lproj/Main.storyboard; sourceTree = "<group>"; };
		FB1287E623E0E2CB002E8143 /* Assets.xcassets */ = {isa = PBXFileReference; lastKnownFileType = folder.assetcatalog; path = Assets.xcassets; sourceTree = "<group>"; };
		FB1287E923E0E2CB002E8143 /* Base */ = {isa = PBXFileReference; lastKnownFileType = file.storyboard; name = Base; path = Base.lproj/LaunchScreen.storyboard; sourceTree = "<group>"; };
		FB1287EB23E0E2CB002E8143 /* Info.plist */ = {isa = PBXFileReference; lastKnownFileType = text.plist.xml; path = Info.plist; sourceTree = "<group>"; };
		FB1287F023E0E2CC002E8143 /* ParstagramTests.xctest */ = {isa = PBXFileReference; explicitFileType = wrapper.cfbundle; includeInIndex = 0; path = ParstagramTests.xctest; sourceTree = BUILT_PRODUCTS_DIR; };
		FB1287F423E0E2CC002E8143 /* ParstagramTests.swift */ = {isa = PBXFileReference; lastKnownFileType = sourcecode.swift; path = ParstagramTests.swift; sourceTree = "<group>"; };
		FB1287F623E0E2CC002E8143 /* Info.plist */ = {isa = PBXFileReference; lastKnownFileType = text.plist.xml; path = Info.plist; sourceTree = "<group>"; };
		FB1287FB23E0E2CC002E8143 /* ParstagramUITests.xctest */ = {isa = PBXFileReference; explicitFileType = wrapper.cfbundle; includeInIndex = 0; path = ParstagramUITests.xctest; sourceTree = BUILT_PRODUCTS_DIR; };
		FB1287FF23E0E2CC002E8143 /* ParstagramUITests.swift */ = {isa = PBXFileReference; lastKnownFileType = sourcecode.swift; path = ParstagramUITests.swift; sourceTree = "<group>"; };
		FB12880123E0E2CC002E8143 /* Info.plist */ = {isa = PBXFileReference; lastKnownFileType = text.plist.xml; path = Info.plist; sourceTree = "<group>"; };
		FB12880F23E0F6A7002E8143 /* LoginViewController.swift */ = {isa = PBXFileReference; lastKnownFileType = sourcecode.swift; path = LoginViewController.swift; sourceTree = "<group>"; };
		FB12881123E0F6CD002E8143 /* FeedViewController.swift */ = {isa = PBXFileReference; lastKnownFileType = sourcecode.swift; path = FeedViewController.swift; sourceTree = "<group>"; };
		FB12881323E0FFCD002E8143 /* CameraViewController.swift */ = {isa = PBXFileReference; lastKnownFileType = sourcecode.swift; path = CameraViewController.swift; sourceTree = "<group>"; };
		FB12881523E11666002E8143 /* PostCell.swift */ = {isa = PBXFileReference; lastKnownFileType = sourcecode.swift; path = PostCell.swift; sourceTree = "<group>"; };
/* End PBXFileReference section */

/* Begin PBXFrameworksBuildPhase section */
		FB1287D723E0E2CA002E8143 /* Frameworks */ = {
			isa = PBXFrameworksBuildPhase;
			buildActionMask = 2147483647;
			files = (
				2DFA36FEEC3D7A814BCFD05E /* Pods_Parstagram.framework in Frameworks */,
			);
			runOnlyForDeploymentPostprocessing = 0;
		};
		FB1287ED23E0E2CC002E8143 /* Frameworks */ = {
			isa = PBXFrameworksBuildPhase;
			buildActionMask = 2147483647;
			files = (
				B96B843D438CB6B1C4DB5E7C /* Pods_ParstagramTests.framework in Frameworks */,
			);
			runOnlyForDeploymentPostprocessing = 0;
		};
		FB1287F823E0E2CC002E8143 /* Frameworks */ = {
			isa = PBXFrameworksBuildPhase;
			buildActionMask = 2147483647;
			files = (
				9B4149B584ABDE93BB9429ED /* Pods_Parstagram_ParstagramUITests.framework in Frameworks */,
			);
			runOnlyForDeploymentPostprocessing = 0;
		};
/* End PBXFrameworksBuildPhase section */

/* Begin PBXGroup section */
		7877C77F83982BEB8FFAEABE /* Frameworks */ = {
			isa = PBXGroup;
			children = (
				D6E47F2481ADF8E09B537E65 /* Pods_Parstagram.framework */,
				67AFE756D25B90438407574D /* Pods_Parstagram_ParstagramUITests.framework */,
				7EC550D826A5D0EFCF8673D1 /* Pods_ParstagramTests.framework */,
			);
			name = Frameworks;
			sourceTree = "<group>";
		};
		9F9CAAAD2EC794039B7E9CB9 /* Pods */ = {
			isa = PBXGroup;
			children = (
				B401F099C8DFB532E864FA1C /* Pods-Parstagram.debug.xcconfig */,
				A54E4C8943F9DAF0AA85A0AD /* Pods-Parstagram.release.xcconfig */,
				5B0241FB81DC67A32381DC1A /* Pods-Parstagram-ParstagramUITests.debug.xcconfig */,
				53323F9D49261245BDC44BAD /* Pods-Parstagram-ParstagramUITests.release.xcconfig */,
				5814D32474C6C7009BEB6BBD /* Pods-ParstagramTests.debug.xcconfig */,
				102470E826BF18198E86A437 /* Pods-ParstagramTests.release.xcconfig */,
			);
			path = Pods;
			sourceTree = "<group>";
		};
		FB1287D123E0E2CA002E8143 = {
			isa = PBXGroup;
			children = (
				FB1287DC23E0E2CA002E8143 /* Parstagram */,
				FB1287F323E0E2CC002E8143 /* ParstagramTests */,
				FB1287FE23E0E2CC002E8143 /* ParstagramUITests */,
				FB1287DB23E0E2CA002E8143 /* Products */,
				9F9CAAAD2EC794039B7E9CB9 /* Pods */,
				7877C77F83982BEB8FFAEABE /* Frameworks */,
			);
			sourceTree = "<group>";
		};
		FB1287DB23E0E2CA002E8143 /* Products */ = {
			isa = PBXGroup;
			children = (
				FB1287DA23E0E2CA002E8143 /* Parstagram.app */,
				FB1287F023E0E2CC002E8143 /* ParstagramTests.xctest */,
				FB1287FB23E0E2CC002E8143 /* ParstagramUITests.xctest */,
			);
			name = Products;
			sourceTree = "<group>";
		};
		FB1287DC23E0E2CA002E8143 /* Parstagram */ = {
			isa = PBXGroup;
			children = (
				FB1287DD23E0E2CA002E8143 /* AppDelegate.swift */,
				FB1287DF23E0E2CA002E8143 /* SceneDelegate.swift */,
				FB1287E323E0E2CA002E8143 /* Main.storyboard */,
				FB1287E623E0E2CB002E8143 /* Assets.xcassets */,
				FB1287E823E0E2CB002E8143 /* LaunchScreen.storyboard */,
				FB1287EB23E0E2CB002E8143 /* Info.plist */,
				FB12880F23E0F6A7002E8143 /* LoginViewController.swift */,
				FB12881123E0F6CD002E8143 /* FeedViewController.swift */,
				FB12881323E0FFCD002E8143 /* CameraViewController.swift */,
				FB12881523E11666002E8143 /* PostCell.swift */,
			);
			path = Parstagram;
			sourceTree = "<group>";
		};
		FB1287F323E0E2CC002E8143 /* ParstagramTests */ = {
			isa = PBXGroup;
			children = (
				FB1287F423E0E2CC002E8143 /* ParstagramTests.swift */,
				FB1287F623E0E2CC002E8143 /* Info.plist */,
			);
			path = ParstagramTests;
			sourceTree = "<group>";
		};
		FB1287FE23E0E2CC002E8143 /* ParstagramUITests */ = {
			isa = PBXGroup;
			children = (
				FB1287FF23E0E2CC002E8143 /* ParstagramUITests.swift */,
				FB12880123E0E2CC002E8143 /* Info.plist */,
			);
			path = ParstagramUITests;
			sourceTree = "<group>";
		};
/* End PBXGroup section */

/* Begin PBXNativeTarget section */
		FB1287D923E0E2CA002E8143 /* Parstagram */ = {
			isa = PBXNativeTarget;
			buildConfigurationList = FB12880423E0E2CC002E8143 /* Build configuration list for PBXNativeTarget "Parstagram" */;
			buildPhases = (
				29786286940CC17F860BE603 /* [CP] Check Pods Manifest.lock */,
				FB1287D623E0E2CA002E8143 /* Sources */,
				FB1287D723E0E2CA002E8143 /* Frameworks */,
				FB1287D823E0E2CA002E8143 /* Resources */,
				ED8251FCFD39356A782BFFAF /* [CP] Embed Pods Frameworks */,
			);
			buildRules = (
			);
			dependencies = (
			);
			name = Parstagram;
			productName = Parstagram;
			productReference = FB1287DA23E0E2CA002E8143 /* Parstagram.app */;
			productType = "com.apple.product-type.application";
		};
		FB1287EF23E0E2CC002E8143 /* ParstagramTests */ = {
			isa = PBXNativeTarget;
			buildConfigurationList = FB12880723E0E2CC002E8143 /* Build configuration list for PBXNativeTarget "ParstagramTests" */;
			buildPhases = (
				58DB62EE5A030FC958916075 /* [CP] Check Pods Manifest.lock */,
				FB1287EC23E0E2CC002E8143 /* Sources */,
				FB1287ED23E0E2CC002E8143 /* Frameworks */,
				FB1287EE23E0E2CC002E8143 /* Resources */,
			);
			buildRules = (
			);
			dependencies = (
				FB1287F223E0E2CC002E8143 /* PBXTargetDependency */,
			);
			name = ParstagramTests;
			productName = ParstagramTests;
			productReference = FB1287F023E0E2CC002E8143 /* ParstagramTests.xctest */;
			productType = "com.apple.product-type.bundle.unit-test";
		};
		FB1287FA23E0E2CC002E8143 /* ParstagramUITests */ = {
			isa = PBXNativeTarget;
			buildConfigurationList = FB12880A23E0E2CC002E8143 /* Build configuration list for PBXNativeTarget "ParstagramUITests" */;
			buildPhases = (
				B3E916F3DD51B6B8E549081A /* [CP] Check Pods Manifest.lock */,
				FB1287F723E0E2CC002E8143 /* Sources */,
				FB1287F823E0E2CC002E8143 /* Frameworks */,
				FB1287F923E0E2CC002E8143 /* Resources */,
				A95686BAB2D7E6E51C97AA67 /* [CP] Embed Pods Frameworks */,
			);
			buildRules = (
			);
			dependencies = (
				FB1287FD23E0E2CC002E8143 /* PBXTargetDependency */,
			);
			name = ParstagramUITests;
			productName = ParstagramUITests;
			productReference = FB1287FB23E0E2CC002E8143 /* ParstagramUITests.xctest */;
			productType = "com.apple.product-type.bundle.ui-testing";
		};
/* End PBXNativeTarget section */

/* Begin PBXProject section */
		FB1287D223E0E2CA002E8143 /* Project object */ = {
			isa = PBXProject;
			attributes = {
				LastSwiftUpdateCheck = 1130;
				LastUpgradeCheck = 1130;
				ORGANIZATIONNAME = codepath;
				TargetAttributes = {
					FB1287D923E0E2CA002E8143 = {
						CreatedOnToolsVersion = 11.3.1;
					};
					FB1287EF23E0E2CC002E8143 = {
						CreatedOnToolsVersion = 11.3.1;
						TestTargetID = FB1287D923E0E2CA002E8143;
					};
					FB1287FA23E0E2CC002E8143 = {
						CreatedOnToolsVersion = 11.3.1;
						TestTargetID = FB1287D923E0E2CA002E8143;
					};
				};
			};
			buildConfigurationList = FB1287D523E0E2CA002E8143 /* Build configuration list for PBXProject "Parstagram" */;
			compatibilityVersion = "Xcode 9.3";
			developmentRegion = en;
			hasScannedForEncodings = 0;
			knownRegions = (
				en,
				Base,
			);
			mainGroup = FB1287D123E0E2CA002E8143;
			productRefGroup = FB1287DB23E0E2CA002E8143 /* Products */;
			projectDirPath = "";
			projectRoot = "";
			targets = (
				FB1287D923E0E2CA002E8143 /* Parstagram */,
				FB1287EF23E0E2CC002E8143 /* ParstagramTests */,
				FB1287FA23E0E2CC002E8143 /* ParstagramUITests */,
			);
		};
/* End PBXProject section */

/* Begin PBXResourcesBuildPhase section */
		FB1287D823E0E2CA002E8143 /* Resources */ = {
			isa = PBXResourcesBuildPhase;
			buildActionMask = 2147483647;
			files = (
				FB1287EA23E0E2CB002E8143 /* LaunchScreen.storyboard in Resources */,
				FB1287E723E0E2CB002E8143 /* Assets.xcassets in Resources */,
				FB1287E523E0E2CA002E8143 /* Main.storyboard in Resources */,
			);
			runOnlyForDeploymentPostprocessing = 0;
		};
		FB1287EE23E0E2CC002E8143 /* Resources */ = {
			isa = PBXResourcesBuildPhase;
			buildActionMask = 2147483647;
			files = (
			);
			runOnlyForDeploymentPostprocessing = 0;
		};
		FB1287F923E0E2CC002E8143 /* Resources */ = {
			isa = PBXResourcesBuildPhase;
			buildActionMask = 2147483647;
			files = (
			);
			runOnlyForDeploymentPostprocessing = 0;
		};
/* End PBXResourcesBuildPhase section */

/* Begin PBXShellScriptBuildPhase section */
		29786286940CC17F860BE603 /* [CP] Check Pods Manifest.lock */ = {
			isa = PBXShellScriptBuildPhase;
			buildActionMask = 2147483647;
			files = (
			);
			inputFileListPaths = (
			);
			inputPaths = (
				"${PODS_PODFILE_DIR_PATH}/Podfile.lock",
				"${PODS_ROOT}/Manifest.lock",
			);
			name = "[CP] Check Pods Manifest.lock";
			outputFileListPaths = (
			);
			outputPaths = (
				"$(DERIVED_FILE_DIR)/Pods-Parstagram-checkManifestLockResult.txt",
			);
			runOnlyForDeploymentPostprocessing = 0;
			shellPath = /bin/sh;
			shellScript = "diff \"${PODS_PODFILE_DIR_PATH}/Podfile.lock\" \"${PODS_ROOT}/Manifest.lock\" > /dev/null\nif [ $? != 0 ] ; then\n    # print error to STDERR\n    echo \"error: The sandbox is not in sync with the Podfile.lock. Run 'pod install' or update your CocoaPods installation.\" >&2\n    exit 1\nfi\n# This output is used by Xcode 'outputs' to avoid re-running this script phase.\necho \"SUCCESS\" > \"${SCRIPT_OUTPUT_FILE_0}\"\n";
			showEnvVarsInLog = 0;
		};
		58DB62EE5A030FC958916075 /* [CP] Check Pods Manifest.lock */ = {
			isa = PBXShellScriptBuildPhase;
			buildActionMask = 2147483647;
			files = (
			);
			inputFileListPaths = (
			);
			inputPaths = (
				"${PODS_PODFILE_DIR_PATH}/Podfile.lock",
				"${PODS_ROOT}/Manifest.lock",
			);
			name = "[CP] Check Pods Manifest.lock";
			outputFileListPaths = (
			);
			outputPaths = (
				"$(DERIVED_FILE_DIR)/Pods-ParstagramTests-checkManifestLockResult.txt",
			);
			runOnlyForDeploymentPostprocessing = 0;
			shellPath = /bin/sh;
			shellScript = "diff \"${PODS_PODFILE_DIR_PATH}/Podfile.lock\" \"${PODS_ROOT}/Manifest.lock\" > /dev/null\nif [ $? != 0 ] ; then\n    # print error to STDERR\n    echo \"error: The sandbox is not in sync with the Podfile.lock. Run 'pod install' or update your CocoaPods installation.\" >&2\n    exit 1\nfi\n# This output is used by Xcode 'outputs' to avoid re-running this script phase.\necho \"SUCCESS\" > \"${SCRIPT_OUTPUT_FILE_0}\"\n";
			showEnvVarsInLog = 0;
		};
		A95686BAB2D7E6E51C97AA67 /* [CP] Embed Pods Frameworks */ = {
			isa = PBXShellScriptBuildPhase;
			buildActionMask = 2147483647;
			files = (
			);
			inputFileListPaths = (
				"${PODS_ROOT}/Target Support Files/Pods-Parstagram-ParstagramUITests/Pods-Parstagram-ParstagramUITests-frameworks-${CONFIGURATION}-input-files.xcfilelist",
			);
			name = "[CP] Embed Pods Frameworks";
			outputFileListPaths = (
				"${PODS_ROOT}/Target Support Files/Pods-Parstagram-ParstagramUITests/Pods-Parstagram-ParstagramUITests-frameworks-${CONFIGURATION}-output-files.xcfilelist",
			);
			runOnlyForDeploymentPostprocessing = 0;
			shellPath = /bin/sh;
			shellScript = "\"${PODS_ROOT}/Target Support Files/Pods-Parstagram-ParstagramUITests/Pods-Parstagram-ParstagramUITests-frameworks.sh\"\n";
			showEnvVarsInLog = 0;
		};
		B3E916F3DD51B6B8E549081A /* [CP] Check Pods Manifest.lock */ = {
			isa = PBXShellScriptBuildPhase;
			buildActionMask = 2147483647;
			files = (
			);
			inputFileListPaths = (
			);
			inputPaths = (
				"${PODS_PODFILE_DIR_PATH}/Podfile.lock",
				"${PODS_ROOT}/Manifest.lock",
			);
			name = "[CP] Check Pods Manifest.lock";
			outputFileListPaths = (
			);
			outputPaths = (
				"$(DERIVED_FILE_DIR)/Pods-Parstagram-ParstagramUITests-checkManifestLockResult.txt",
			);
			runOnlyForDeploymentPostprocessing = 0;
			shellPath = /bin/sh;
			shellScript = "diff \"${PODS_PODFILE_DIR_PATH}/Podfile.lock\" \"${PODS_ROOT}/Manifest.lock\" > /dev/null\nif [ $? != 0 ] ; then\n    # print error to STDERR\n    echo \"error: The sandbox is not in sync with the Podfile.lock. Run 'pod install' or update your CocoaPods installation.\" >&2\n    exit 1\nfi\n# This output is used by Xcode 'outputs' to avoid re-running this script phase.\necho \"SUCCESS\" > \"${SCRIPT_OUTPUT_FILE_0}\"\n";
			showEnvVarsInLog = 0;
		};
		ED8251FCFD39356A782BFFAF /* [CP] Embed Pods Frameworks */ = {
			isa = PBXShellScriptBuildPhase;
			buildActionMask = 2147483647;
			files = (
			);
			inputFileListPaths = (
				"${PODS_ROOT}/Target Support Files/Pods-Parstagram/Pods-Parstagram-frameworks-${CONFIGURATION}-input-files.xcfilelist",
			);
			name = "[CP] Embed Pods Frameworks";
			outputFileListPaths = (
				"${PODS_ROOT}/Target Support Files/Pods-Parstagram/Pods-Parstagram-frameworks-${CONFIGURATION}-output-files.xcfilelist",
			);
			runOnlyForDeploymentPostprocessing = 0;
			shellPath = /bin/sh;
			shellScript = "\"${PODS_ROOT}/Target Support Files/Pods-Parstagram/Pods-Parstagram-frameworks.sh\"\n";
			showEnvVarsInLog = 0;
		};
/* End PBXShellScriptBuildPhase section */

/* Begin PBXSourcesBuildPhase section */
		FB1287D623E0E2CA002E8143 /* Sources */ = {
			isa = PBXSourcesBuildPhase;
			buildActionMask = 2147483647;
			files = (
				FB12881023E0F6A7002E8143 /* LoginViewController.swift in Sources */,
				FB12881423E0FFCD002E8143 /* CameraViewController.swift in Sources */,
				FB1287DE23E0E2CA002E8143 /* AppDelegate.swift in Sources */,
				FB12881223E0F6CD002E8143 /* FeedViewController.swift in Sources */,
				FB1287E023E0E2CA002E8143 /* SceneDelegate.swift in Sources */,
				FB12881623E11666002E8143 /* PostCell.swift in Sources */,
			);
			runOnlyForDeploymentPostprocessing = 0;
		};
		FB1287EC23E0E2CC002E8143 /* Sources */ = {
			isa = PBXSourcesBuildPhase;
			buildActionMask = 2147483647;
			files = (
				FB1287F523E0E2CC002E8143 /* ParstagramTests.swift in Sources */,
			);
			runOnlyForDeploymentPostprocessing = 0;
		};
		FB1287F723E0E2CC002E8143 /* Sources */ = {
			isa = PBXSourcesBuildPhase;
			buildActionMask = 2147483647;
			files = (
				FB12880023E0E2CC002E8143 /* ParstagramUITests.swift in Sources */,
			);
			runOnlyForDeploymentPostprocessing = 0;
		};
/* End PBXSourcesBuildPhase section */

/* Begin PBXTargetDependency section */
		FB1287F223E0E2CC002E8143 /* PBXTargetDependency */ = {
			isa = PBXTargetDependency;
			target = FB1287D923E0E2CA002E8143 /* Parstagram */;
			targetProxy = FB1287F123E0E2CC002E8143 /* PBXContainerItemProxy */;
		};
		FB1287FD23E0E2CC002E8143 /* PBXTargetDependency */ = {
			isa = PBXTargetDependency;
			target = FB1287D923E0E2CA002E8143 /* Parstagram */;
			targetProxy = FB1287FC23E0E2CC002E8143 /* PBXContainerItemProxy */;
		};
/* End PBXTargetDependency section */

/* Begin PBXVariantGroup section */
		FB1287E323E0E2CA002E8143 /* Main.storyboard */ = {
			isa = PBXVariantGroup;
			children = (
				FB1287E423E0E2CA002E8143 /* Base */,
			);
			name = Main.storyboard;
			sourceTree = "<group>";
		};
		FB1287E823E0E2CB002E8143 /* LaunchScreen.storyboard */ = {
			isa = PBXVariantGroup;
			children = (
				FB1287E923E0E2CB002E8143 /* Base */,
			);
			name = LaunchScreen.storyboard;
			sourceTree = "<group>";
		};
/* End PBXVariantGroup section */

/* Begin XCBuildConfiguration section */
		FB12880223E0E2CC002E8143 /* Debug */ = {
			isa = XCBuildConfiguration;
			buildSettings = {
				ALWAYS_SEARCH_USER_PATHS = NO;
				CLANG_ANALYZER_NONNULL = YES;
				CLANG_ANALYZER_NUMBER_OBJECT_CONVERSION = YES_AGGRESSIVE;
				CLANG_CXX_LANGUAGE_STANDARD = "gnu++14";
				CLANG_CXX_LIBRARY = "libc++";
				CLANG_ENABLE_MODULES = YES;
				CLANG_ENABLE_OBJC_ARC = YES;
				CLANG_ENABLE_OBJC_WEAK = YES;
				CLANG_WARN_BLOCK_CAPTURE_AUTORELEASING = YES;
				CLANG_WARN_BOOL_CONVERSION = YES;
				CLANG_WARN_COMMA = YES;
				CLANG_WARN_CONSTANT_CONVERSION = YES;
				CLANG_WARN_DEPRECATED_OBJC_IMPLEMENTATIONS = YES;
				CLANG_WARN_DIRECT_OBJC_ISA_USAGE = YES_ERROR;
				CLANG_WARN_DOCUMENTATION_COMMENTS = YES;
				CLANG_WARN_EMPTY_BODY = YES;
				CLANG_WARN_ENUM_CONVERSION = YES;
				CLANG_WARN_INFINITE_RECURSION = YES;
				CLANG_WARN_INT_CONVERSION = YES;
				CLANG_WARN_NON_LITERAL_NULL_CONVERSION = YES;
				CLANG_WARN_OBJC_IMPLICIT_RETAIN_SELF = YES;
				CLANG_WARN_OBJC_LITERAL_CONVERSION = YES;
				CLANG_WARN_OBJC_ROOT_CLASS = YES_ERROR;
				CLANG_WARN_RANGE_LOOP_ANALYSIS = YES;
				CLANG_WARN_STRICT_PROTOTYPES = YES;
				CLANG_WARN_SUSPICIOUS_MOVE = YES;
				CLANG_WARN_UNGUARDED_AVAILABILITY = YES_AGGRESSIVE;
				CLANG_WARN_UNREACHABLE_CODE = YES;
				CLANG_WARN__DUPLICATE_METHOD_MATCH = YES;
				COPY_PHASE_STRIP = NO;
				DEBUG_INFORMATION_FORMAT = dwarf;
				ENABLE_STRICT_OBJC_MSGSEND = YES;
				ENABLE_TESTABILITY = YES;
				GCC_C_LANGUAGE_STANDARD = gnu11;
				GCC_DYNAMIC_NO_PIC = NO;
				GCC_NO_COMMON_BLOCKS = YES;
				GCC_OPTIMIZATION_LEVEL = 0;
				GCC_PREPROCESSOR_DEFINITIONS = (
					"DEBUG=1",
					"$(inherited)",
				);
				GCC_WARN_64_TO_32_BIT_CONVERSION = YES;
				GCC_WARN_ABOUT_RETURN_TYPE = YES_ERROR;
				GCC_WARN_UNDECLARED_SELECTOR = YES;
				GCC_WARN_UNINITIALIZED_AUTOS = YES_AGGRESSIVE;
				GCC_WARN_UNUSED_FUNCTION = YES;
				GCC_WARN_UNUSED_VARIABLE = YES;
				IPHONEOS_DEPLOYMENT_TARGET = 13.2;
				MTL_ENABLE_DEBUG_INFO = INCLUDE_SOURCE;
				MTL_FAST_MATH = YES;
				ONLY_ACTIVE_ARCH = YES;
				SDKROOT = iphoneos;
				SWIFT_ACTIVE_COMPILATION_CONDITIONS = DEBUG;
				SWIFT_OPTIMIZATION_LEVEL = "-Onone";
			};
			name = Debug;
		};
		FB12880323E0E2CC002E8143 /* Release */ = {
			isa = XCBuildConfiguration;
			buildSettings = {
				ALWAYS_SEARCH_USER_PATHS = NO;
				CLANG_ANALYZER_NONNULL = YES;
				CLANG_ANALYZER_NUMBER_OBJECT_CONVERSION = YES_AGGRESSIVE;
				CLANG_CXX_LANGUAGE_STANDARD = "gnu++14";
				CLANG_CXX_LIBRARY = "libc++";
				CLANG_ENABLE_MODULES = YES;
				CLANG_ENABLE_OBJC_ARC = YES;
				CLANG_ENABLE_OBJC_WEAK = YES;
				CLANG_WARN_BLOCK_CAPTURE_AUTORELEASING = YES;
				CLANG_WARN_BOOL_CONVERSION = YES;
				CLANG_WARN_COMMA = YES;
				CLANG_WARN_CONSTANT_CONVERSION = YES;
				CLANG_WARN_DEPRECATED_OBJC_IMPLEMENTATIONS = YES;
				CLANG_WARN_DIRECT_OBJC_ISA_USAGE = YES_ERROR;
				CLANG_WARN_DOCUMENTATION_COMMENTS = YES;
				CLANG_WARN_EMPTY_BODY = YES;
				CLANG_WARN_ENUM_CONVERSION = YES;
				CLANG_WARN_INFINITE_RECURSION = YES;
				CLANG_WARN_INT_CONVERSION = YES;
				CLANG_WARN_NON_LITERAL_NULL_CONVERSION = YES;
				CLANG_WARN_OBJC_IMPLICIT_RETAIN_SELF = YES;
				CLANG_WARN_OBJC_LITERAL_CONVERSION = YES;
				CLANG_WARN_OBJC_ROOT_CLASS = YES_ERROR;
				CLANG_WARN_RANGE_LOOP_ANALYSIS = YES;
				CLANG_WARN_STRICT_PROTOTYPES = YES;
				CLANG_WARN_SUSPICIOUS_MOVE = YES;
				CLANG_WARN_UNGUARDED_AVAILABILITY = YES_AGGRESSIVE;
				CLANG_WARN_UNREACHABLE_CODE = YES;
				CLANG_WARN__DUPLICATE_METHOD_MATCH = YES;
				COPY_PHASE_STRIP = NO;
				DEBUG_INFORMATION_FORMAT = "dwarf-with-dsym";
				ENABLE_NS_ASSERTIONS = NO;
				ENABLE_STRICT_OBJC_MSGSEND = YES;
				GCC_C_LANGUAGE_STANDARD = gnu11;
				GCC_NO_COMMON_BLOCKS = YES;
				GCC_WARN_64_TO_32_BIT_CONVERSION = YES;
				GCC_WARN_ABOUT_RETURN_TYPE = YES_ERROR;
				GCC_WARN_UNDECLARED_SELECTOR = YES;
				GCC_WARN_UNINITIALIZED_AUTOS = YES_AGGRESSIVE;
				GCC_WARN_UNUSED_FUNCTION = YES;
				GCC_WARN_UNUSED_VARIABLE = YES;
				IPHONEOS_DEPLOYMENT_TARGET = 13.2;
				MTL_ENABLE_DEBUG_INFO = NO;
				MTL_FAST_MATH = YES;
				SDKROOT = iphoneos;
				SWIFT_COMPILATION_MODE = wholemodule;
				SWIFT_OPTIMIZATION_LEVEL = "-O";
				VALIDATE_PRODUCT = YES;
			};
			name = Release;
		};
		FB12880523E0E2CC002E8143 /* Debug */ = {
			isa = XCBuildConfiguration;
			baseConfigurationReference = B401F099C8DFB532E864FA1C /* Pods-Parstagram.debug.xcconfig */;
			buildSettings = {
				ASSETCATALOG_COMPILER_APPICON_NAME = AppIcon;
				CODE_SIGN_STYLE = Automatic;
				INFOPLIST_FILE = Parstagram/Info.plist;
				LD_RUNPATH_SEARCH_PATHS = (
					"$(inherited)",
					"@executable_path/Frameworks",
				);
				PRODUCT_BUNDLE_IDENTIFIER = com.codepath.Parstagram;
				PRODUCT_NAME = "$(TARGET_NAME)";
				SWIFT_VERSION = 5.0;
				TARGETED_DEVICE_FAMILY = "1,2";
			};
			name = Debug;
		};
		FB12880623E0E2CC002E8143 /* Release */ = {
			isa = XCBuildConfiguration;
			baseConfigurationReference = A54E4C8943F9DAF0AA85A0AD /* Pods-Parstagram.release.xcconfig */;
			buildSettings = {
				ASSETCATALOG_COMPILER_APPICON_NAME = AppIcon;
				CODE_SIGN_STYLE = Automatic;
				INFOPLIST_FILE = Parstagram/Info.plist;
				LD_RUNPATH_SEARCH_PATHS = (
					"$(inherited)",
					"@executable_path/Frameworks",
				);
				PRODUCT_BUNDLE_IDENTIFIER = com.codepath.Parstagram;
				PRODUCT_NAME = "$(TARGET_NAME)";
				SWIFT_VERSION = 5.0;
				TARGETED_DEVICE_FAMILY = "1,2";
			};
			name = Release;
		};
		FB12880823E0E2CC002E8143 /* Debug */ = {
			isa = XCBuildConfiguration;
			baseConfigurationReference = 5814D32474C6C7009BEB6BBD /* Pods-ParstagramTests.debug.xcconfig */;
			buildSettings = {
				ALWAYS_EMBED_SWIFT_STANDARD_LIBRARIES = YES;
				BUNDLE_LOADER = "$(TEST_HOST)";
				CODE_SIGN_STYLE = Automatic;
				INFOPLIST_FILE = ParstagramTests/Info.plist;
				IPHONEOS_DEPLOYMENT_TARGET = 13.2;
				LD_RUNPATH_SEARCH_PATHS = (
					"$(inherited)",
					"@executable_path/Frameworks",
					"@loader_path/Frameworks",
				);
				PRODUCT_BUNDLE_IDENTIFIER = com.codepath.ParstagramTests;
				PRODUCT_NAME = "$(TARGET_NAME)";
				SWIFT_VERSION = 5.0;
				TARGETED_DEVICE_FAMILY = "1,2";
				TEST_HOST = "$(BUILT_PRODUCTS_DIR)/Parstagram.app/Parstagram";
			};
			name = Debug;
		};
		FB12880923E0E2CC002E8143 /* Release */ = {
			isa = XCBuildConfiguration;
			baseConfigurationReference = 102470E826BF18198E86A437 /* Pods-ParstagramTests.release.xcconfig */;
			buildSettings = {
				ALWAYS_EMBED_SWIFT_STANDARD_LIBRARIES = YES;
				BUNDLE_LOADER = "$(TEST_HOST)";
				CODE_SIGN_STYLE = Automatic;
				INFOPLIST_FILE = ParstagramTests/Info.plist;
				IPHONEOS_DEPLOYMENT_TARGET = 13.2;
				LD_RUNPATH_SEARCH_PATHS = (
					"$(inherited)",
					"@executable_path/Frameworks",
					"@loader_path/Frameworks",
				);
				PRODUCT_BUNDLE_IDENTIFIER = com.codepath.ParstagramTests;
				PRODUCT_NAME = "$(TARGET_NAME)";
				SWIFT_VERSION = 5.0;
				TARGETED_DEVICE_FAMILY = "1,2";
				TEST_HOST = "$(BUILT_PRODUCTS_DIR)/Parstagram.app/Parstagram";
			};
			name = Release;
		};
		FB12880B23E0E2CC002E8143 /* Debug */ = {
			isa = XCBuildConfiguration;
			baseConfigurationReference = 5B0241FB81DC67A32381DC1A /* Pods-Parstagram-ParstagramUITests.debug.xcconfig */;
			buildSettings = {
				ALWAYS_EMBED_SWIFT_STANDARD_LIBRARIES = YES;
				CODE_SIGN_STYLE = Automatic;
				INFOPLIST_FILE = ParstagramUITests/Info.plist;
				LD_RUNPATH_SEARCH_PATHS = (
					"$(inherited)",
					"@executable_path/Frameworks",
					"@loader_path/Frameworks",
				);
				PRODUCT_BUNDLE_IDENTIFIER = com.codepath.ParstagramUITests;
				PRODUCT_NAME = "$(TARGET_NAME)";
				SWIFT_VERSION = 5.0;
				TARGETED_DEVICE_FAMILY = "1,2";
				TEST_TARGET_NAME = Parstagram;
			};
			name = Debug;
		};
		FB12880C23E0E2CC002E8143 /* Release */ = {
			isa = XCBuildConfiguration;
			baseConfigurationReference = 53323F9D49261245BDC44BAD /* Pods-Parstagram-ParstagramUITests.release.xcconfig */;
			buildSettings = {
				ALWAYS_EMBED_SWIFT_STANDARD_LIBRARIES = YES;
				CODE_SIGN_STYLE = Automatic;
				INFOPLIST_FILE = ParstagramUITests/Info.plist;
				LD_RUNPATH_SEARCH_PATHS = (
					"$(inherited)",
					"@executable_path/Frameworks",
					"@loader_path/Frameworks",
				);
				PRODUCT_BUNDLE_IDENTIFIER = com.codepath.ParstagramUITests;
				PRODUCT_NAME = "$(TARGET_NAME)";
				SWIFT_VERSION = 5.0;
				TARGETED_DEVICE_FAMILY = "1,2";
				TEST_TARGET_NAME = Parstagram;
			};
			name = Release;
		};
/* End XCBuildConfiguration section */

/* Begin XCConfigurationList section */
		FB1287D523E0E2CA002E8143 /* Build configuration list for PBXProject "Parstagram" */ = {
			isa = XCConfigurationList;
			buildConfigurations = (
				FB12880223E0E2CC002E8143 /* Debug */,
				FB12880323E0E2CC002E8143 /* Release */,
			);
			defaultConfigurationIsVisible = 0;
			defaultConfigurationName = Release;
		};
		FB12880423E0E2CC002E8143 /* Build configuration list for PBXNativeTarget "Parstagram" */ = {
			isa = XCConfigurationList;
			buildConfigurations = (
				FB12880523E0E2CC002E8143 /* Debug */,
				FB12880623E0E2CC002E8143 /* Release */,
			);
			defaultConfigurationIsVisible = 0;
			defaultConfigurationName = Release;
		};
		FB12880723E0E2CC002E8143 /* Build configuration list for PBXNativeTarget "ParstagramTests" */ = {
			isa = XCConfigurationList;
			buildConfigurations = (
				FB12880823E0E2CC002E8143 /* Debug */,
				FB12880923E0E2CC002E8143 /* Release */,
			);
			defaultConfigurationIsVisible = 0;
			defaultConfigurationName = Release;
		};
		FB12880A23E0E2CC002E8143 /* Build configuration list for PBXNativeTarget "ParstagramUITests" */ = {
			isa = XCConfigurationList;
			buildConfigurations = (
				FB12880B23E0E2CC002E8143 /* Debug */,
				FB12880C23E0E2CC002E8143 /* Release */,
			);
			defaultConfigurationIsVisible = 0;
			defaultConfigurationName = Release;
		};
/* End XCConfigurationList section */
	};
	rootObject = FB1287D223E0E2CA002E8143 /* Project object */;
}
